
Microsoft Visual Studio Solution File, Format Version 12.00
# Visual Studio Version 16
VisualStudioVersion = 16.0.30611.23
MinimumVisualStudioVersion = 10.0.40219.1
Project("{FAE04EC0-301F-11D3-BF4B-00C04F79EFBC}") = "RMSDataManager", "RMSDataManager\RMSDataManager.csproj", "{952C5E7C-67E5-4402-B1E9-1E61AA2FC5C5}"
EndProject
Global
	GlobalSection(SolutionConfigurationPlatforms) = preSolution
		Debug|Any CPU = Debug|Any CPU
		Release|Any CPU = Release|Any CPU
	EndGlobalSection
	GlobalSection(ProjectConfigurationPlatforms) = postSolution
		{952C5E7C-67E5-4402-B1E9-1E61AA2FC5C5}.Debug|Any CPU.ActiveCfg = Debug|Any CPU
		{952C5E7C-67E5-4402-B1E9-1E61AA2FC5C5}.Debug|Any CPU.Build.0 = Debug|Any CPU
		{952C5E7C-67E5-4402-B1E9-1E61AA2FC5C5}.Release|Any CPU.ActiveCfg = Release|Any CPU
		{952C5E7C-67E5-4402-B1E9-1E61AA2FC5C5}.Release|Any CPU.Build.0 = Release|Any CPU
	EndGlobalSection
	GlobalSection(SolutionProperties) = preSolution
		HideSolutionNode = FALSE
	EndGlobalSection
	GlobalSection(ExtensibilityGlobals) = postSolution
		SolutionGuid = {24996ACA-B76B-4A27-B5CD-0DE7AD0ECC39}
	EndGlobalSection
EndGlobal
